
Microsoft Visual Studio Solution File, Format Version 12.00
# Visual Studio 15
VisualStudioVersion = 15.0.28307.136
MinimumVisualStudioVersion = 10.0.40219.1
Project("{FAE04EC0-301F-11D3-BF4B-00C04F79EFBC}") = "API", "API\API.csproj", "{2C5E42E4-CAF7-4B4E-A083-34C9DDCD61DE}"
EndProject
Project("{FAE04EC0-301F-11D3-BF4B-00C04F79EFBC}") = "Infrastructure", "Infrastructure\Infrastructure.csproj", "{9AC4C615-1539-4ECE-9DD8-BB0D5932A30C}"
EndProject
Project("{FAE04EC0-301F-11D3-BF4B-00C04F79EFBC}") = "Domain", "Domain\Domain.csproj", "{C5BD5E40-6D02-4E48-B7CE-51F39442EE00}"
EndProject
Project("{FAE04EC0-301F-11D3-BF4B-00C04F79EFBC}") = "Presentation", "Presentation\Presentation.csproj", "{5DD26188-EEF2-4541-A11C-D3734110C301}"
EndProject
Global
	GlobalSection(SolutionConfigurationPlatforms) = preSolution
		Debug|Any CPU = Debug|Any CPU
		Release|Any CPU = Release|Any CPU
	EndGlobalSection
	GlobalSection(ProjectConfigurationPlatforms) = postSolution
		{2C5E42E4-CAF7-4B4E-A083-34C9DDCD61DE}.Debug|Any CPU.ActiveCfg = Debug|Any CPU
		{2C5E42E4-CAF7-4B4E-A083-34C9DDCD61DE}.Debug|Any CPU.Build.0 = Debug|Any CPU
		{2C5E42E4-CAF7-4B4E-A083-34C9DDCD61DE}.Release|Any CPU.ActiveCfg = Release|Any CPU
		{2C5E42E4-CAF7-4B4E-A083-34C9DDCD61DE}.Release|Any CPU.Build.0 = Release|Any CPU
		{9AC4C615-1539-4ECE-9DD8-BB0D5932A30C}.Debug|Any CPU.ActiveCfg = Debug|Any CPU
		{9AC4C615-1539-4ECE-9DD8-BB0D5932A30C}.Debug|Any CPU.Build.0 = Debug|Any CPU
		{9AC4C615-1539-4ECE-9DD8-BB0D5932A30C}.Release|Any CPU.ActiveCfg = Release|Any CPU
		{9AC4C615-1539-4ECE-9DD8-BB0D5932A30C}.Release|Any CPU.Build.0 = Release|Any CPU
		{C5BD5E40-6D02-4E48-B7CE-51F39442EE00}.Debug|Any CPU.ActiveCfg = Debug|Any CPU
		{C5BD5E40-6D02-4E48-B7CE-51F39442EE00}.Debug|Any CPU.Build.0 = Debug|Any CPU
		{C5BD5E40-6D02-4E48-B7CE-51F39442EE00}.Release|Any CPU.ActiveCfg = Release|Any CPU
		{C5BD5E40-6D02-4E48-B7CE-51F39442EE00}.Release|Any CPU.Build.0 = Release|Any CPU
		{5DD26188-EEF2-4541-A11C-D3734110C301}.Debug|Any CPU.ActiveCfg = Debug|Any CPU
		{5DD26188-EEF2-4541-A11C-D3734110C301}.Debug|Any CPU.Build.0 = Debug|Any CPU
		{5DD26188-EEF2-4541-A11C-D3734110C301}.Release|Any CPU.ActiveCfg = Release|Any CPU
		{5DD26188-EEF2-4541-A11C-D3734110C301}.Release|Any CPU.Build.0 = Release|Any CPU
	EndGlobalSection
	GlobalSection(SolutionProperties) = preSolution
		HideSolutionNode = FALSE
	EndGlobalSection
	GlobalSection(ExtensibilityGlobals) = postSolution
		SolutionGuid = {77B02397-F041-4881-A3D1-1C71ACF58C4F}
	EndGlobalSection
EndGlobal
